// !$*UTF8*$!
{
	archiveVersion = 1;
	classes = {
	};
	objectVersion = 55;
	objects = {

/* Begin PBXBuildFile section */
		43027F66280538940067E792 /* RegisterViewController.swift in Sources */ = {isa = PBXBuildFile; fileRef = 43027F65280538940067E792 /* RegisterViewController.swift */; };
		43108E4327C7314400F3287D /* AppDelegate.swift in Sources */ = {isa = PBXBuildFile; fileRef = 43108E4227C7314400F3287D /* AppDelegate.swift */; };
		43108E4527C7314400F3287D /* SceneDelegate.swift in Sources */ = {isa = PBXBuildFile; fileRef = 43108E4427C7314400F3287D /* SceneDelegate.swift */; };
		43108E4C27C7314500F3287D /* Assets.xcassets in Resources */ = {isa = PBXBuildFile; fileRef = 43108E4B27C7314500F3287D /* Assets.xcassets */; };
		43108E4F27C7314500F3287D /* LaunchScreen.storyboard in Resources */ = {isa = PBXBuildFile; fileRef = 43108E4D27C7314500F3287D /* LaunchScreen.storyboard */; };
		43108E5A27C7314600F3287D /* Hi5Tests.swift in Sources */ = {isa = PBXBuildFile; fileRef = 43108E5927C7314600F3287D /* Hi5Tests.swift */; };
		43108E6427C7314600F3287D /* Hi5UITests.swift in Sources */ = {isa = PBXBuildFile; fileRef = 43108E6327C7314600F3287D /* Hi5UITests.swift */; };
		43108E6627C7314600F3287D /* Hi5UITestsLaunchTests.swift in Sources */ = {isa = PBXBuildFile; fileRef = 43108E6527C7314600F3287D /* Hi5UITestsLaunchTests.swift */; };
		43108E7327C7316B00F3287D /* image4DSimple.swift in Sources */ = {isa = PBXBuildFile; fileRef = 43108E7227C7316B00F3287D /* image4DSimple.swift */; };
		43108E7527C776CA00F3287D /* v3drawReader.swift in Sources */ = {isa = PBXBuildFile; fileRef = 43108E7427C776CA00F3287D /* v3drawReader.swift */; };
		4317EDE5280D9AEA00B2A17B /* PBDImage.swift in Sources */ = {isa = PBXBuildFile; fileRef = 4317EDE4280D9AEA00B2A17B /* PBDImage.swift */; };
		4320386927D8EC8000DB2DBC /* MetalViewController.swift in Sources */ = {isa = PBXBuildFile; fileRef = 4320386827D8EC8000DB2DBC /* MetalViewController.swift */; };
		4320387E27D8ED8F00DB2DBC /* MetalTexture.swift in Sources */ = {isa = PBXBuildFile; fileRef = 4320387D27D8ED8F00DB2DBC /* MetalTexture.swift */; };
		4320388027D8ED9200DB2DBC /* BufferProvider.swift in Sources */ = {isa = PBXBuildFile; fileRef = 4320387F27D8ED9200DB2DBC /* BufferProvider.swift */; };
		433B1F3C27DD815B00F44604 /* Node.swift in Sources */ = {isa = PBXBuildFile; fileRef = 433B1F3927DD815B00F44604 /* Node.swift */; };
		433B1F3D27DD815B00F44604 /* Cube.swift in Sources */ = {isa = PBXBuildFile; fileRef = 433B1F3A27DD815B00F44604 /* Cube.swift */; };
		433B1F3E27DD815B00F44604 /* Vertex.swift in Sources */ = {isa = PBXBuildFile; fileRef = 433B1F3B27DD815B00F44604 /* Vertex.swift */; };
		433B1F4027DD81AF00F44604 /* Shaders.metal in Sources */ = {isa = PBXBuildFile; fileRef = 433B1F3F27DD81AF00F44604 /* Shaders.metal */; };
		433C55C32813F8D900BC223F /* CoordHelper.swift in Sources */ = {isa = PBXBuildFile; fileRef = 433C55C22813F8D900BC223F /* CoordHelper.swift */; };
		4369E3222822AB800016A455 /* UserPref.swift in Sources */ = {isa = PBXBuildFile; fileRef = 4369E3212822AB800016A455 /* UserPref.swift */; };
		4369E3242822C6560016A455 /* SettingTableViewController.swift in Sources */ = {isa = PBXBuildFile; fileRef = 4369E3232822C6560016A455 /* SettingTableViewController.swift */; };
		4369E3282822CDAD0016A455 /* SettingTableViewCell.swift in Sources */ = {isa = PBXBuildFile; fileRef = 4369E3272822CDAD0016A455 /* SettingTableViewCell.swift */; };
		4370D728282FDBED00EA127E /* Marker.swift in Sources */ = {isa = PBXBuildFile; fileRef = 4370D727282FDBED00EA127E /* Marker.swift */; };
		437BA779281C13E6001C0A44 /* AnnotationViewController.swift in Sources */ = {isa = PBXBuildFile; fileRef = 437BA778281C13E6001C0A44 /* AnnotationViewController.swift */; };
		437DA8C227DEF7790080A74C /* Quad.swift in Sources */ = {isa = PBXBuildFile; fileRef = 437DA8C127DEF7790080A74C /* Quad.swift */; };
		43806EEF2828AC7F002305D4 /* NeuronTree.swift in Sources */ = {isa = PBXBuildFile; fileRef = 43806EEE2828AC7F002305D4 /* NeuronTree.swift */; };
		438684B527E48C1700F095BB /* UIColor+Extension.swift in Sources */ = {isa = PBXBuildFile; fileRef = 438684B427E48C1700F095BB /* UIColor+Extension.swift */; };
		439215A0280C623400E53631 /* HomeViewController.swift in Sources */ = {isa = PBXBuildFile; fileRef = 4392159F280C623400E53631 /* HomeViewController.swift */; };
		439215A2280C62A800E53631 /* UserInfoViewController.swift in Sources */ = {isa = PBXBuildFile; fileRef = 439215A1280C62A800E53631 /* UserInfoViewController.swift */; };
		439215A4280C62CB00E53631 /* LoginViewController.swift in Sources */ = {isa = PBXBuildFile; fileRef = 439215A3280C62CB00E53631 /* LoginViewController.swift */; };
		439215A6280C630700E53631 /* MarkerFactoryViewController.swift in Sources */ = {isa = PBXBuildFile; fileRef = 439215A5280C630700E53631 /* MarkerFactoryViewController.swift */; };
		439215A8280C650D00E53631 /* Main.storyboard in Resources */ = {isa = PBXBuildFile; fileRef = 439215A7280C650D00E53631 /* Main.storyboard */; };
		43A68F9E284F3C9B0006A38C /* UserDetailViewController.swift in Sources */ = {isa = PBXBuildFile; fileRef = 43A68F9D284F3C9B0006A38C /* UserDetailViewController.swift */; };
		43B12F542806E19F0049BE9C /* User.swift in Sources */ = {isa = PBXBuildFile; fileRef = 43B12F532806E19F0049BE9C /* User.swift */; };
		43B12F572806E9CB0049BE9C /* Hi5API.swift in Sources */ = {isa = PBXBuildFile; fileRef = 43B12F562806E9CB0049BE9C /* Hi5API.swift */; };
		43B12F5B2806F9EE0049BE9C /* HTTPRequest.swift in Sources */ = {isa = PBXBuildFile; fileRef = 43B12F5A2806F9EE0049BE9C /* HTTPRequest.swift */; };
		43B2255B281BD4DE00808B09 /* Image3dViewController.swift in Sources */ = {isa = PBXBuildFile; fileRef = 43B2255A281BD4DE00808B09 /* Image3dViewController.swift */; };
		43C145CF28479AE300A9BCC0 /* FormerResultsController.swift in Sources */ = {isa = PBXBuildFile; fileRef = 43C145CE28479AE300A9BCC0 /* FormerResultsController.swift */; };
		43C54BD127EA04990067F559 /* FunctionCollectionViewCell.swift in Sources */ = {isa = PBXBuildFile; fileRef = 43C54BD027EA04990067F559 /* FunctionCollectionViewCell.swift */; };
		43CFDB242810FDA000AF33FB /* image4DSimpleCache.swift in Sources */ = {isa = PBXBuildFile; fileRef = 43CFDB232810FDA000AF33FB /* image4DSimpleCache.swift */; };
		43EEA48C27FFDF8D00B0E8B7 /* float4x4+Extensions.swift in Sources */ = {isa = PBXBuildFile; fileRef = 43EEA48B27FFDF8D00B0E8B7 /* float4x4+Extensions.swift */; };
		43F72BE8282E794D0088BB9E /* CheckModeViewController.swift in Sources */ = {isa = PBXBuildFile; fileRef = 43F72BE7282E794D0088BB9E /* CheckModeViewController.swift */; };
		43FA187127E5C17000CBE5EF /* FunctionCollectionViewDataSource.swift in Sources */ = {isa = PBXBuildFile; fileRef = 43FA187027E5C17000CBE5EF /* FunctionCollectionViewDataSource.swift */; };
		489ED89D280ACACE000781C6 /* HTTPModel.swift in Sources */ = {isa = PBXBuildFile; fileRef = 489ED89C280ACACE000781C6 /* HTTPModel.swift */; };
		676FFB65282CE76000E4F362 /* CacheHelper.swift in Sources */ = {isa = PBXBuildFile; fileRef = 676FFB64282CE76000E4F362 /* CacheHelper.swift */; };
/* End PBXBuildFile section */

/* Begin PBXContainerItemProxy section */
		43108E5627C7314600F3287D /* PBXContainerItemProxy */ = {
			isa = PBXContainerItemProxy;
			containerPortal = 43108E3727C7314400F3287D /* Project object */;
			proxyType = 1;
			remoteGlobalIDString = 43108E3E27C7314400F3287D;
			remoteInfo = Hi5;
		};
		43108E6027C7314600F3287D /* PBXContainerItemProxy */ = {
			isa = PBXContainerItemProxy;
			containerPortal = 43108E3727C7314400F3287D /* Project object */;
			proxyType = 1;
			remoteGlobalIDString = 43108E3E27C7314400F3287D;
			remoteInfo = Hi5;
		};
/* End PBXContainerItemProxy section */

/* Begin PBXFileReference section */
		43027F65280538940067E792 /* RegisterViewController.swift */ = {isa = PBXFileReference; lastKnownFileType = sourcecode.swift; path = RegisterViewController.swift; sourceTree = "<group>"; };
		43108E3F27C7314400F3287D /* Hi5.app */ = {isa = PBXFileReference; explicitFileType = wrapper.application; includeInIndex = 0; path = Hi5.app; sourceTree = BUILT_PRODUCTS_DIR; };
		43108E4227C7314400F3287D /* AppDelegate.swift */ = {isa = PBXFileReference; lastKnownFileType = sourcecode.swift; path = AppDelegate.swift; sourceTree = "<group>"; };
		43108E4427C7314400F3287D /* SceneDelegate.swift */ = {isa = PBXFileReference; lastKnownFileType = sourcecode.swift; path = SceneDelegate.swift; sourceTree = "<group>"; };
		43108E4B27C7314500F3287D /* Assets.xcassets */ = {isa = PBXFileReference; lastKnownFileType = folder.assetcatalog; path = Assets.xcassets; sourceTree = "<group>"; };
		43108E4E27C7314500F3287D /* Base */ = {isa = PBXFileReference; lastKnownFileType = file.storyboard; name = Base; path = Base.lproj/LaunchScreen.storyboard; sourceTree = "<group>"; };
		43108E5027C7314500F3287D /* Info.plist */ = {isa = PBXFileReference; lastKnownFileType = text.plist.xml; path = Info.plist; sourceTree = "<group>"; };
		43108E5527C7314600F3287D /* Hi5Tests.xctest */ = {isa = PBXFileReference; explicitFileType = wrapper.cfbundle; includeInIndex = 0; path = Hi5Tests.xctest; sourceTree = BUILT_PRODUCTS_DIR; };
		43108E5927C7314600F3287D /* Hi5Tests.swift */ = {isa = PBXFileReference; lastKnownFileType = sourcecode.swift; path = Hi5Tests.swift; sourceTree = "<group>"; };
		43108E5F27C7314600F3287D /* Hi5UITests.xctest */ = {isa = PBXFileReference; explicitFileType = wrapper.cfbundle; includeInIndex = 0; path = Hi5UITests.xctest; sourceTree = BUILT_PRODUCTS_DIR; };
		43108E6327C7314600F3287D /* Hi5UITests.swift */ = {isa = PBXFileReference; lastKnownFileType = sourcecode.swift; path = Hi5UITests.swift; sourceTree = "<group>"; };
		43108E6527C7314600F3287D /* Hi5UITestsLaunchTests.swift */ = {isa = PBXFileReference; lastKnownFileType = sourcecode.swift; path = Hi5UITestsLaunchTests.swift; sourceTree = "<group>"; };
		43108E7227C7316B00F3287D /* image4DSimple.swift */ = {isa = PBXFileReference; lastKnownFileType = sourcecode.swift; path = image4DSimple.swift; sourceTree = "<group>"; };
		43108E7427C776CA00F3287D /* v3drawReader.swift */ = {isa = PBXFileReference; lastKnownFileType = sourcecode.swift; path = v3drawReader.swift; sourceTree = "<group>"; };
		4317EDE4280D9AEA00B2A17B /* PBDImage.swift */ = {isa = PBXFileReference; lastKnownFileType = sourcecode.swift; path = PBDImage.swift; sourceTree = "<group>"; };
		4320386827D8EC8000DB2DBC /* MetalViewController.swift */ = {isa = PBXFileReference; fileEncoding = 4; lastKnownFileType = sourcecode.swift; path = MetalViewController.swift; sourceTree = "<group>"; };
		4320387D27D8ED8F00DB2DBC /* MetalTexture.swift */ = {isa = PBXFileReference; fileEncoding = 4; lastKnownFileType = sourcecode.swift; path = MetalTexture.swift; sourceTree = "<group>"; };
		4320387F27D8ED9200DB2DBC /* BufferProvider.swift */ = {isa = PBXFileReference; fileEncoding = 4; lastKnownFileType = sourcecode.swift; path = BufferProvider.swift; sourceTree = "<group>"; };
		433B1F3927DD815B00F44604 /* Node.swift */ = {isa = PBXFileReference; fileEncoding = 4; lastKnownFileType = sourcecode.swift; path = Node.swift; sourceTree = "<group>"; };
		433B1F3A27DD815B00F44604 /* Cube.swift */ = {isa = PBXFileReference; fileEncoding = 4; lastKnownFileType = sourcecode.swift; path = Cube.swift; sourceTree = "<group>"; };
		433B1F3B27DD815B00F44604 /* Vertex.swift */ = {isa = PBXFileReference; fileEncoding = 4; lastKnownFileType = sourcecode.swift; path = Vertex.swift; sourceTree = "<group>"; };
		433B1F3F27DD81AF00F44604 /* Shaders.metal */ = {isa = PBXFileReference; fileEncoding = 4; lastKnownFileType = sourcecode.metal; path = Shaders.metal; sourceTree = "<group>"; };
		433C55C22813F8D900BC223F /* CoordHelper.swift */ = {isa = PBXFileReference; lastKnownFileType = sourcecode.swift; path = CoordHelper.swift; sourceTree = "<group>"; };
		4369E3212822AB800016A455 /* UserPref.swift */ = {isa = PBXFileReference; lastKnownFileType = sourcecode.swift; path = UserPref.swift; sourceTree = "<group>"; };
		4369E3232822C6560016A455 /* SettingTableViewController.swift */ = {isa = PBXFileReference; lastKnownFileType = sourcecode.swift; path = SettingTableViewController.swift; sourceTree = "<group>"; };
		4369E3272822CDAD0016A455 /* SettingTableViewCell.swift */ = {isa = PBXFileReference; lastKnownFileType = sourcecode.swift; path = SettingTableViewCell.swift; sourceTree = "<group>"; };
		4370D727282FDBED00EA127E /* Marker.swift */ = {isa = PBXFileReference; lastKnownFileType = sourcecode.swift; path = Marker.swift; sourceTree = "<group>"; };
		437BA778281C13E6001C0A44 /* AnnotationViewController.swift */ = {isa = PBXFileReference; lastKnownFileType = sourcecode.swift; path = AnnotationViewController.swift; sourceTree = "<group>"; };
		437DA8C127DEF7790080A74C /* Quad.swift */ = {isa = PBXFileReference; lastKnownFileType = sourcecode.swift; path = Quad.swift; sourceTree = "<group>"; };
		43806EEE2828AC7F002305D4 /* NeuronTree.swift */ = {isa = PBXFileReference; lastKnownFileType = sourcecode.swift; path = NeuronTree.swift; sourceTree = "<group>"; };
		438684B427E48C1700F095BB /* UIColor+Extension.swift */ = {isa = PBXFileReference; lastKnownFileType = sourcecode.swift; path = "UIColor+Extension.swift"; sourceTree = "<group>"; };
		4392159F280C623400E53631 /* HomeViewController.swift */ = {isa = PBXFileReference; fileEncoding = 4; lastKnownFileType = sourcecode.swift; path = HomeViewController.swift; sourceTree = "<group>"; };
		439215A1280C62A800E53631 /* UserInfoViewController.swift */ = {isa = PBXFileReference; fileEncoding = 4; lastKnownFileType = sourcecode.swift; path = UserInfoViewController.swift; sourceTree = "<group>"; };
		439215A3280C62CB00E53631 /* LoginViewController.swift */ = {isa = PBXFileReference; fileEncoding = 4; lastKnownFileType = sourcecode.swift; path = LoginViewController.swift; sourceTree = "<group>"; };
		439215A5280C630700E53631 /* MarkerFactoryViewController.swift */ = {isa = PBXFileReference; fileEncoding = 4; lastKnownFileType = sourcecode.swift; path = MarkerFactoryViewController.swift; sourceTree = "<group>"; };
		439215A7280C650D00E53631 /* Main.storyboard */ = {isa = PBXFileReference; fileEncoding = 4; lastKnownFileType = file.storyboard; path = Main.storyboard; sourceTree = "<group>"; };
		43A68F9D284F3C9B0006A38C /* UserDetailViewController.swift */ = {isa = PBXFileReference; lastKnownFileType = sourcecode.swift; path = UserDetailViewController.swift; sourceTree = "<group>"; };
		43B12F532806E19F0049BE9C /* User.swift */ = {isa = PBXFileReference; lastKnownFileType = sourcecode.swift; path = User.swift; sourceTree = "<group>"; };
		43B12F562806E9CB0049BE9C /* Hi5API.swift */ = {isa = PBXFileReference; lastKnownFileType = sourcecode.swift; path = Hi5API.swift; sourceTree = "<group>"; };
		43B12F5A2806F9EE0049BE9C /* HTTPRequest.swift */ = {isa = PBXFileReference; lastKnownFileType = sourcecode.swift; path = HTTPRequest.swift; sourceTree = "<group>"; };
		43B2255A281BD4DE00808B09 /* Image3dViewController.swift */ = {isa = PBXFileReference; lastKnownFileType = sourcecode.swift; path = Image3dViewController.swift; sourceTree = "<group>"; };
		43C145CE28479AE300A9BCC0 /* FormerResultsController.swift */ = {isa = PBXFileReference; lastKnownFileType = sourcecode.swift; path = FormerResultsController.swift; sourceTree = "<group>"; };
		43C54BD027EA04990067F559 /* FunctionCollectionViewCell.swift */ = {isa = PBXFileReference; lastKnownFileType = sourcecode.swift; path = FunctionCollectionViewCell.swift; sourceTree = "<group>"; };
		43CFDB232810FDA000AF33FB /* image4DSimpleCache.swift */ = {isa = PBXFileReference; lastKnownFileType = sourcecode.swift; path = image4DSimpleCache.swift; sourceTree = "<group>"; };
		43EEA48B27FFDF8D00B0E8B7 /* float4x4+Extensions.swift */ = {isa = PBXFileReference; fileEncoding = 4; lastKnownFileType = sourcecode.swift; path = "float4x4+Extensions.swift"; sourceTree = "<group>"; };
		43F72BE7282E794D0088BB9E /* CheckModeViewController.swift */ = {isa = PBXFileReference; lastKnownFileType = sourcecode.swift; path = CheckModeViewController.swift; sourceTree = "<group>"; };
		43FA187027E5C17000CBE5EF /* FunctionCollectionViewDataSource.swift */ = {isa = PBXFileReference; lastKnownFileType = sourcecode.swift; path = FunctionCollectionViewDataSource.swift; sourceTree = "<group>"; };
		489ED89C280ACACE000781C6 /* HTTPModel.swift */ = {isa = PBXFileReference; lastKnownFileType = sourcecode.swift; path = HTTPModel.swift; sourceTree = "<group>"; };
		676FFB64282CE76000E4F362 /* CacheHelper.swift */ = {isa = PBXFileReference; lastKnownFileType = sourcecode.swift; path = CacheHelper.swift; sourceTree = "<group>"; };
/* End PBXFileReference section */

/* Begin PBXFrameworksBuildPhase section */
		43108E3C27C7314400F3287D /* Frameworks */ = {
			isa = PBXFrameworksBuildPhase;
			buildActionMask = 2147483647;
			files = (
			);
			runOnlyForDeploymentPostprocessing = 0;
		};
		43108E5227C7314600F3287D /* Frameworks */ = {
			isa = PBXFrameworksBuildPhase;
			buildActionMask = 2147483647;
			files = (
			);
			runOnlyForDeploymentPostprocessing = 0;
		};
		43108E5C27C7314600F3287D /* Frameworks */ = {
			isa = PBXFrameworksBuildPhase;
			buildActionMask = 2147483647;
			files = (
			);
			runOnlyForDeploymentPostprocessing = 0;
		};
/* End PBXFrameworksBuildPhase section */

/* Begin PBXGroup section */
		43027F62280538370067E792 /* Login Screen */ = {
			isa = PBXGroup;
			children = (
				43027F65280538940067E792 /* RegisterViewController.swift */,
				439215A3280C62CB00E53631 /* LoginViewController.swift */,
			);
			path = "Login Screen";
			sourceTree = "<group>";
		};
		43108E3627C7314400F3287D = {
			isa = PBXGroup;
			children = (
				43108E4127C7314400F3287D /* Hi5 */,
				43108E5827C7314600F3287D /* Hi5Tests */,
				43108E6227C7314600F3287D /* Hi5UITests */,
				43108E4027C7314400F3287D /* Products */,
			);
			sourceTree = "<group>";
		};
		43108E4027C7314400F3287D /* Products */ = {
			isa = PBXGroup;
			children = (
				43108E3F27C7314400F3287D /* Hi5.app */,
				43108E5527C7314600F3287D /* Hi5Tests.xctest */,
				43108E5F27C7314600F3287D /* Hi5UITests.xctest */,
			);
			name = Products;
			sourceTree = "<group>";
		};
		43108E4127C7314400F3287D /* Hi5 */ = {
			isa = PBXGroup;
			children = (
				43108E4227C7314400F3287D /* AppDelegate.swift */,
				43108E4427C7314400F3287D /* SceneDelegate.swift */,
				43108E4B27C7314500F3287D /* Assets.xcassets */,
				43108E4D27C7314500F3287D /* LaunchScreen.storyboard */,
				439215A7280C650D00E53631 /* Main.storyboard */,
				43108E5027C7314500F3287D /* Info.plist */,
				43B12F552806E9B40049BE9C /* Network */,
				43B12F522806E18A0049BE9C /* User */,
				431CDBEF27D8E807000F1F10 /* View Controllers */,
				4320387027D8ED1D00DB2DBC /* ObjectsToDraw */,
				431CDBEE27D8E7E4000F1F10 /* Data Parser */,
				4320388127D8EDA400DB2DBC /* Utilities */,
				433B1F3F27DD81AF00F44604 /* Shaders.metal */,
			);
			path = Hi5;
			sourceTree = "<group>";
		};
		43108E5827C7314600F3287D /* Hi5Tests */ = {
			isa = PBXGroup;
			children = (
				43108E5927C7314600F3287D /* Hi5Tests.swift */,
			);
			path = Hi5Tests;
			sourceTree = "<group>";
		};
		43108E6227C7314600F3287D /* Hi5UITests */ = {
			isa = PBXGroup;
			children = (
				43108E6327C7314600F3287D /* Hi5UITests.swift */,
				43108E6527C7314600F3287D /* Hi5UITestsLaunchTests.swift */,
			);
			path = Hi5UITests;
			sourceTree = "<group>";
		};
		431CDBEE27D8E7E4000F1F10 /* Data Parser */ = {
			isa = PBXGroup;
			children = (
				43108E7227C7316B00F3287D /* image4DSimple.swift */,
				43108E7427C776CA00F3287D /* v3drawReader.swift */,
				4317EDE4280D9AEA00B2A17B /* PBDImage.swift */,
			);
			path = "Data Parser";
			sourceTree = "<group>";
		};
		431CDBEF27D8E807000F1F10 /* View Controllers */ = {
			isa = PBXGroup;
			children = (
				43027F62280538370067E792 /* Login Screen */,
				43A35EFB27EC58010078E25B /* Home Screen */,
				43CFDB222810F8BC00AF33FB /* Function Screen */,
			);
			path = "View Controllers";
			sourceTree = "<group>";
		};
		4320387027D8ED1D00DB2DBC /* ObjectsToDraw */ = {
			isa = PBXGroup;
			children = (
				433B1F3A27DD815B00F44604 /* Cube.swift */,
				433B1F3927DD815B00F44604 /* Node.swift */,
				433B1F3B27DD815B00F44604 /* Vertex.swift */,
				437DA8C127DEF7790080A74C /* Quad.swift */,
				43806EEE2828AC7F002305D4 /* NeuronTree.swift */,
				4370D727282FDBED00EA127E /* Marker.swift */,
			);
			path = ObjectsToDraw;
			sourceTree = "<group>";
		};
		4320388127D8EDA400DB2DBC /* Utilities */ = {
			isa = PBXGroup;
			children = (
				438684B427E48C1700F095BB /* UIColor+Extension.swift */,
				4320387D27D8ED8F00DB2DBC /* MetalTexture.swift */,
				4320387F27D8ED9200DB2DBC /* BufferProvider.swift */,
				43EEA48B27FFDF8D00B0E8B7 /* float4x4+Extensions.swift */,
				43CFDB232810FDA000AF33FB /* image4DSimpleCache.swift */,
				433C55C22813F8D900BC223F /* CoordHelper.swift */,
				676FFB64282CE76000E4F362 /* CacheHelper.swift */,
			);
			path = Utilities;
			sourceTree = "<group>";
		};
		43A35EFB27EC58010078E25B /* Home Screen */ = {
			isa = PBXGroup;
			children = (
				43C54BD027EA04990067F559 /* FunctionCollectionViewCell.swift */,
				43FA187027E5C17000CBE5EF /* FunctionCollectionViewDataSource.swift */,
				4392159F280C623400E53631 /* HomeViewController.swift */,
				439215A1280C62A800E53631 /* UserInfoViewController.swift */,
				4369E3232822C6560016A455 /* SettingTableViewController.swift */,
				4369E3272822CDAD0016A455 /* SettingTableViewCell.swift */,
				43A68F9D284F3C9B0006A38C /* UserDetailViewController.swift */,
			);
			path = "Home Screen";
			sourceTree = "<group>";
		};
		43B12F522806E18A0049BE9C /* User */ = {
			isa = PBXGroup;
			children = (
				43B12F532806E19F0049BE9C /* User.swift */,
				4369E3212822AB800016A455 /* UserPref.swift */,
			);
			path = User;
			sourceTree = "<group>";
		};
		43B12F552806E9B40049BE9C /* Network */ = {
			isa = PBXGroup;
			children = (
				43B12F562806E9CB0049BE9C /* Hi5API.swift */,
				43B12F5A2806F9EE0049BE9C /* HTTPRequest.swift */,
				489ED89C280ACACE000781C6 /* HTTPModel.swift */,
			);
			path = Network;
			sourceTree = "<group>";
		};
		43CFDB222810F8BC00AF33FB /* Function Screen */ = {
			isa = PBXGroup;
			children = (
				4320386827D8EC8000DB2DBC /* MetalViewController.swift */,
				439215A5280C630700E53631 /* MarkerFactoryViewController.swift */,
				437BA778281C13E6001C0A44 /* AnnotationViewController.swift */,
				43B2255A281BD4DE00808B09 /* Image3dViewController.swift */,
				43F72BE7282E794D0088BB9E /* CheckModeViewController.swift */,
				43C145CE28479AE300A9BCC0 /* FormerResultsController.swift */,
			);
			path = "Function Screen";
			sourceTree = "<group>";
		};
/* End PBXGroup section */

/* Begin PBXNativeTarget section */
		43108E3E27C7314400F3287D /* Hi5 */ = {
			isa = PBXNativeTarget;
			buildConfigurationList = 43108E6927C7314600F3287D /* Build configuration list for PBXNativeTarget "Hi5" */;
			buildPhases = (
				43108E3B27C7314400F3287D /* Sources */,
				43108E3C27C7314400F3287D /* Frameworks */,
				43108E3D27C7314400F3287D /* Resources */,
			);
			buildRules = (
			);
			dependencies = (
			);
			name = Hi5;
			productName = Hi5;
			productReference = 43108E3F27C7314400F3287D /* Hi5.app */;
			productType = "com.apple.product-type.application";
		};
		43108E5427C7314600F3287D /* Hi5Tests */ = {
			isa = PBXNativeTarget;
			buildConfigurationList = 43108E6C27C7314600F3287D /* Build configuration list for PBXNativeTarget "Hi5Tests" */;
			buildPhases = (
				43108E5127C7314600F3287D /* Sources */,
				43108E5227C7314600F3287D /* Frameworks */,
				43108E5327C7314600F3287D /* Resources */,
			);
			buildRules = (
			);
			dependencies = (
				43108E5727C7314600F3287D /* PBXTargetDependency */,
			);
			name = Hi5Tests;
			productName = Hi5Tests;
			productReference = 43108E5527C7314600F3287D /* Hi5Tests.xctest */;
			productType = "com.apple.product-type.bundle.unit-test";
		};
		43108E5E27C7314600F3287D /* Hi5UITests */ = {
			isa = PBXNativeTarget;
			buildConfigurationList = 43108E6F27C7314600F3287D /* Build configuration list for PBXNativeTarget "Hi5UITests" */;
			buildPhases = (
				43108E5B27C7314600F3287D /* Sources */,
				43108E5C27C7314600F3287D /* Frameworks */,
				43108E5D27C7314600F3287D /* Resources */,
			);
			buildRules = (
			);
			dependencies = (
				43108E6127C7314600F3287D /* PBXTargetDependency */,
			);
			name = Hi5UITests;
			productName = Hi5UITests;
			productReference = 43108E5F27C7314600F3287D /* Hi5UITests.xctest */;
			productType = "com.apple.product-type.bundle.ui-testing";
		};
/* End PBXNativeTarget section */

/* Begin PBXProject section */
		43108E3727C7314400F3287D /* Project object */ = {
			isa = PBXProject;
			attributes = {
				BuildIndependentTargetsInParallel = 1;
				LastSwiftUpdateCheck = 1320;
				LastUpgradeCheck = 1320;
				TargetAttributes = {
					43108E3E27C7314400F3287D = {
						CreatedOnToolsVersion = 13.2.1;
					};
					43108E5427C7314600F3287D = {
						CreatedOnToolsVersion = 13.2.1;
						TestTargetID = 43108E3E27C7314400F3287D;
					};
					43108E5E27C7314600F3287D = {
						CreatedOnToolsVersion = 13.2.1;
						TestTargetID = 43108E3E27C7314400F3287D;
					};
				};
			};
			buildConfigurationList = 43108E3A27C7314400F3287D /* Build configuration list for PBXProject "Hi5" */;
			compatibilityVersion = "Xcode 13.0";
			developmentRegion = en;
			hasScannedForEncodings = 0;
			knownRegions = (
				en,
				Base,
			);
			mainGroup = 43108E3627C7314400F3287D;
			productRefGroup = 43108E4027C7314400F3287D /* Products */;
			projectDirPath = "";
			projectRoot = "";
			targets = (
				43108E3E27C7314400F3287D /* Hi5 */,
				43108E5427C7314600F3287D /* Hi5Tests */,
				43108E5E27C7314600F3287D /* Hi5UITests */,
			);
		};
/* End PBXProject section */

/* Begin PBXResourcesBuildPhase section */
		43108E3D27C7314400F3287D /* Resources */ = {
			isa = PBXResourcesBuildPhase;
			buildActionMask = 2147483647;
			files = (
				439215A8280C650D00E53631 /* Main.storyboard in Resources */,
				43108E4F27C7314500F3287D /* LaunchScreen.storyboard in Resources */,
				43108E4C27C7314500F3287D /* Assets.xcassets in Resources */,
			);
			runOnlyForDeploymentPostprocessing = 0;
		};
		43108E5327C7314600F3287D /* Resources */ = {
			isa = PBXResourcesBuildPhase;
			buildActionMask = 2147483647;
			files = (
			);
			runOnlyForDeploymentPostprocessing = 0;
		};
		43108E5D27C7314600F3287D /* Resources */ = {
			isa = PBXResourcesBuildPhase;
			buildActionMask = 2147483647;
			files = (
			);
			runOnlyForDeploymentPostprocessing = 0;
		};
/* End PBXResourcesBuildPhase section */

/* Begin PBXSourcesBuildPhase section */
		43108E3B27C7314400F3287D /* Sources */ = {
			isa = PBXSourcesBuildPhase;
			buildActionMask = 2147483647;
			files = (
				43806EEF2828AC7F002305D4 /* NeuronTree.swift in Sources */,
				43C145CF28479AE300A9BCC0 /* FormerResultsController.swift in Sources */,
				43A68F9E284F3C9B0006A38C /* UserDetailViewController.swift in Sources */,
				4369E3282822CDAD0016A455 /* SettingTableViewCell.swift in Sources */,
				4369E3242822C6560016A455 /* SettingTableViewController.swift in Sources */,
				439215A0280C623400E53631 /* HomeViewController.swift in Sources */,
				43C54BD127EA04990067F559 /* FunctionCollectionViewCell.swift in Sources */,
				43F72BE8282E794D0088BB9E /* CheckModeViewController.swift in Sources */,
				43B12F5B2806F9EE0049BE9C /* HTTPRequest.swift in Sources */,
				433C55C32813F8D900BC223F /* CoordHelper.swift in Sources */,
				43EEA48C27FFDF8D00B0E8B7 /* float4x4+Extensions.swift in Sources */,
				489ED89D280ACACE000781C6 /* HTTPModel.swift in Sources */,
				438684B527E48C1700F095BB /* UIColor+Extension.swift in Sources */,
				4317EDE5280D9AEA00B2A17B /* PBDImage.swift in Sources */,
				43B2255B281BD4DE00808B09 /* Image3dViewController.swift in Sources */,
				439215A2280C62A800E53631 /* UserInfoViewController.swift in Sources */,
				4320387E27D8ED8F00DB2DBC /* MetalTexture.swift in Sources */,
				433B1F3C27DD815B00F44604 /* Node.swift in Sources */,
				43108E7527C776CA00F3287D /* v3drawReader.swift in Sources */,
				4370D728282FDBED00EA127E /* Marker.swift in Sources */,
				676FFB65282CE76000E4F362 /* CacheHelper.swift in Sources */,
				433B1F3E27DD815B00F44604 /* Vertex.swift in Sources */,
				4320386927D8EC8000DB2DBC /* MetalViewController.swift in Sources */,
				439215A6280C630700E53631 /* MarkerFactoryViewController.swift in Sources */,
				4369E3222822AB800016A455 /* UserPref.swift in Sources */,
				439215A4280C62CB00E53631 /* LoginViewController.swift in Sources */,
				43027F66280538940067E792 /* RegisterViewController.swift in Sources */,
				433B1F4027DD81AF00F44604 /* Shaders.metal in Sources */,
				433B1F3D27DD815B00F44604 /* Cube.swift in Sources */,
				4320388027D8ED9200DB2DBC /* BufferProvider.swift in Sources */,
				43108E4327C7314400F3287D /* AppDelegate.swift in Sources */,
				43FA187127E5C17000CBE5EF /* FunctionCollectionViewDataSource.swift in Sources */,
				43B12F572806E9CB0049BE9C /* Hi5API.swift in Sources */,
				437DA8C227DEF7790080A74C /* Quad.swift in Sources */,
				43108E4527C7314400F3287D /* SceneDelegate.swift in Sources */,
				43108E7327C7316B00F3287D /* image4DSimple.swift in Sources */,
				437BA779281C13E6001C0A44 /* AnnotationViewController.swift in Sources */,
				43B12F542806E19F0049BE9C /* User.swift in Sources */,
				43CFDB242810FDA000AF33FB /* image4DSimpleCache.swift in Sources */,
			);
			runOnlyForDeploymentPostprocessing = 0;
		};
		43108E5127C7314600F3287D /* Sources */ = {
			isa = PBXSourcesBuildPhase;
			buildActionMask = 2147483647;
			files = (
				43108E5A27C7314600F3287D /* Hi5Tests.swift in Sources */,
			);
			runOnlyForDeploymentPostprocessing = 0;
		};
		43108E5B27C7314600F3287D /* Sources */ = {
			isa = PBXSourcesBuildPhase;
			buildActionMask = 2147483647;
			files = (
				43108E6427C7314600F3287D /* Hi5UITests.swift in Sources */,
				43108E6627C7314600F3287D /* Hi5UITestsLaunchTests.swift in Sources */,
			);
			runOnlyForDeploymentPostprocessing = 0;
		};
/* End PBXSourcesBuildPhase section */

/* Begin PBXTargetDependency section */
		43108E5727C7314600F3287D /* PBXTargetDependency */ = {
			isa = PBXTargetDependency;
			target = 43108E3E27C7314400F3287D /* Hi5 */;
			targetProxy = 43108E5627C7314600F3287D /* PBXContainerItemProxy */;
		};
		43108E6127C7314600F3287D /* PBXTargetDependency */ = {
			isa = PBXTargetDependency;
			target = 43108E3E27C7314400F3287D /* Hi5 */;
			targetProxy = 43108E6027C7314600F3287D /* PBXContainerItemProxy */;
		};
/* End PBXTargetDependency section */

/* Begin PBXVariantGroup section */
		43108E4D27C7314500F3287D /* LaunchScreen.storyboard */ = {
			isa = PBXVariantGroup;
			children = (
				43108E4E27C7314500F3287D /* Base */,
			);
			name = LaunchScreen.storyboard;
			sourceTree = "<group>";
		};
/* End PBXVariantGroup section */

/* Begin XCBuildConfiguration section */
		43108E6727C7314600F3287D /* Debug */ = {
			isa = XCBuildConfiguration;
			buildSettings = {
				ALWAYS_SEARCH_USER_PATHS = NO;
				CLANG_ANALYZER_NONNULL = YES;
				CLANG_ANALYZER_NUMBER_OBJECT_CONVERSION = YES_AGGRESSIVE;
				CLANG_CXX_LANGUAGE_STANDARD = "gnu++17";
				CLANG_CXX_LIBRARY = "libc++";
				CLANG_ENABLE_MODULES = YES;
				CLANG_ENABLE_OBJC_ARC = YES;
				CLANG_ENABLE_OBJC_WEAK = YES;
				CLANG_WARN_BLOCK_CAPTURE_AUTORELEASING = YES;
				CLANG_WARN_BOOL_CONVERSION = YES;
				CLANG_WARN_COMMA = YES;
				CLANG_WARN_CONSTANT_CONVERSION = YES;
				CLANG_WARN_DEPRECATED_OBJC_IMPLEMENTATIONS = YES;
				CLANG_WARN_DIRECT_OBJC_ISA_USAGE = YES_ERROR;
				CLANG_WARN_DOCUMENTATION_COMMENTS = YES;
				CLANG_WARN_EMPTY_BODY = YES;
				CLANG_WARN_ENUM_CONVERSION = YES;
				CLANG_WARN_INFINITE_RECURSION = YES;
				CLANG_WARN_INT_CONVERSION = YES;
				CLANG_WARN_NON_LITERAL_NULL_CONVERSION = YES;
				CLANG_WARN_OBJC_IMPLICIT_RETAIN_SELF = YES;
				CLANG_WARN_OBJC_LITERAL_CONVERSION = YES;
				CLANG_WARN_OBJC_ROOT_CLASS = YES_ERROR;
				CLANG_WARN_QUOTED_INCLUDE_IN_FRAMEWORK_HEADER = YES;
				CLANG_WARN_RANGE_LOOP_ANALYSIS = YES;
				CLANG_WARN_STRICT_PROTOTYPES = YES;
				CLANG_WARN_SUSPICIOUS_MOVE = YES;
				CLANG_WARN_UNGUARDED_AVAILABILITY = YES_AGGRESSIVE;
				CLANG_WARN_UNREACHABLE_CODE = YES;
				CLANG_WARN__DUPLICATE_METHOD_MATCH = YES;
				COPY_PHASE_STRIP = NO;
				DEBUG_INFORMATION_FORMAT = dwarf;
				ENABLE_STRICT_OBJC_MSGSEND = YES;
				ENABLE_TESTABILITY = YES;
				GCC_C_LANGUAGE_STANDARD = gnu11;
				GCC_DYNAMIC_NO_PIC = NO;
				GCC_NO_COMMON_BLOCKS = YES;
				GCC_OPTIMIZATION_LEVEL = 0;
				GCC_PREPROCESSOR_DEFINITIONS = (
					"DEBUG=1",
					"$(inherited)",
				);
				GCC_WARN_64_TO_32_BIT_CONVERSION = YES;
				GCC_WARN_ABOUT_RETURN_TYPE = YES_ERROR;
				GCC_WARN_UNDECLARED_SELECTOR = YES;
				GCC_WARN_UNINITIALIZED_AUTOS = YES_AGGRESSIVE;
				GCC_WARN_UNUSED_FUNCTION = YES;
				GCC_WARN_UNUSED_VARIABLE = YES;
				IPHONEOS_DEPLOYMENT_TARGET = 15.0;
				MTL_ENABLE_DEBUG_INFO = INCLUDE_SOURCE;
				MTL_FAST_MATH = YES;
				ONLY_ACTIVE_ARCH = YES;
				SDKROOT = iphoneos;
				SWIFT_ACTIVE_COMPILATION_CONDITIONS = DEBUG;
				SWIFT_OPTIMIZATION_LEVEL = "-Onone";
			};
			name = Debug;
		};
		43108E6827C7314600F3287D /* Release */ = {
			isa = XCBuildConfiguration;
			buildSettings = {
				ALWAYS_SEARCH_USER_PATHS = NO;
				CLANG_ANALYZER_NONNULL = YES;
				CLANG_ANALYZER_NUMBER_OBJECT_CONVERSION = YES_AGGRESSIVE;
				CLANG_CXX_LANGUAGE_STANDARD = "gnu++17";
				CLANG_CXX_LIBRARY = "libc++";
				CLANG_ENABLE_MODULES = YES;
				CLANG_ENABLE_OBJC_ARC = YES;
				CLANG_ENABLE_OBJC_WEAK = YES;
				CLANG_WARN_BLOCK_CAPTURE_AUTORELEASING = YES;
				CLANG_WARN_BOOL_CONVERSION = YES;
				CLANG_WARN_COMMA = YES;
				CLANG_WARN_CONSTANT_CONVERSION = YES;
				CLANG_WARN_DEPRECATED_OBJC_IMPLEMENTATIONS = YES;
				CLANG_WARN_DIRECT_OBJC_ISA_USAGE = YES_ERROR;
				CLANG_WARN_DOCUMENTATION_COMMENTS = YES;
				CLANG_WARN_EMPTY_BODY = YES;
				CLANG_WARN_ENUM_CONVERSION = YES;
				CLANG_WARN_INFINITE_RECURSION = YES;
				CLANG_WARN_INT_CONVERSION = YES;
				CLANG_WARN_NON_LITERAL_NULL_CONVERSION = YES;
				CLANG_WARN_OBJC_IMPLICIT_RETAIN_SELF = YES;
				CLANG_WARN_OBJC_LITERAL_CONVERSION = YES;
				CLANG_WARN_OBJC_ROOT_CLASS = YES_ERROR;
				CLANG_WARN_QUOTED_INCLUDE_IN_FRAMEWORK_HEADER = YES;
				CLANG_WARN_RANGE_LOOP_ANALYSIS = YES;
				CLANG_WARN_STRICT_PROTOTYPES = YES;
				CLANG_WARN_SUSPICIOUS_MOVE = YES;
				CLANG_WARN_UNGUARDED_AVAILABILITY = YES_AGGRESSIVE;
				CLANG_WARN_UNREACHABLE_CODE = YES;
				CLANG_WARN__DUPLICATE_METHOD_MATCH = YES;
				COPY_PHASE_STRIP = NO;
				DEBUG_INFORMATION_FORMAT = "dwarf-with-dsym";
				ENABLE_NS_ASSERTIONS = NO;
				ENABLE_STRICT_OBJC_MSGSEND = YES;
				GCC_C_LANGUAGE_STANDARD = gnu11;
				GCC_NO_COMMON_BLOCKS = YES;
				GCC_WARN_64_TO_32_BIT_CONVERSION = YES;
				GCC_WARN_ABOUT_RETURN_TYPE = YES_ERROR;
				GCC_WARN_UNDECLARED_SELECTOR = YES;
				GCC_WARN_UNINITIALIZED_AUTOS = YES_AGGRESSIVE;
				GCC_WARN_UNUSED_FUNCTION = YES;
				GCC_WARN_UNUSED_VARIABLE = YES;
				IPHONEOS_DEPLOYMENT_TARGET = 15.0;
				MTL_ENABLE_DEBUG_INFO = NO;
				MTL_FAST_MATH = YES;
				SDKROOT = iphoneos;
				SWIFT_COMPILATION_MODE = wholemodule;
				SWIFT_OPTIMIZATION_LEVEL = "-O";
				VALIDATE_PRODUCT = YES;
			};
			name = Release;
		};
		43108E6A27C7314600F3287D /* Debug */ = {
			isa = XCBuildConfiguration;
			buildSettings = {
				ASSETCATALOG_COMPILER_APPICON_NAME = AppIcon;
				ASSETCATALOG_COMPILER_GLOBAL_ACCENT_COLOR_NAME = AccentColor;
				CODE_SIGN_STYLE = Automatic;
				CURRENT_PROJECT_VERSION = 1;
				DEVELOPMENT_TEAM = H6P9FKH5P2;
				GENERATE_INFOPLIST_FILE = YES;
				INFOPLIST_FILE = Hi5/Info.plist;
				INFOPLIST_KEY_UIApplicationSupportsIndirectInputEvents = YES;
				INFOPLIST_KEY_UILaunchStoryboardName = LaunchScreen;
				INFOPLIST_KEY_UIMainStoryboardFile = Main;
				INFOPLIST_KEY_UISupportedInterfaceOrientations_iPad = "UIInterfaceOrientationPortrait UIInterfaceOrientationPortraitUpsideDown UIInterfaceOrientationLandscapeLeft UIInterfaceOrientationLandscapeRight";
				INFOPLIST_KEY_UISupportedInterfaceOrientations_iPhone = "UIInterfaceOrientationPortrait UIInterfaceOrientationLandscapeLeft UIInterfaceOrientationLandscapeRight";
				IPHONEOS_DEPLOYMENT_TARGET = 15.0;
				LD_RUNPATH_SEARCH_PATHS = (
					"$(inherited)",
					"@executable_path/Frameworks",
				);
				MARKETING_VERSION = 0.2.1;
				PRODUCT_BUNDLE_IDENTIFIER = com.seupenglab.hi5;
				PRODUCT_NAME = "$(TARGET_NAME)";
				SWIFT_EMIT_LOC_STRINGS = YES;
				SWIFT_VERSION = 5.0;
				TARGETED_DEVICE_FAMILY = 1;
			};
			name = Debug;
		};
		43108E6B27C7314600F3287D /* Release */ = {
			isa = XCBuildConfiguration;
			buildSettings = {
				ASSETCATALOG_COMPILER_APPICON_NAME = AppIcon;
				ASSETCATALOG_COMPILER_GLOBAL_ACCENT_COLOR_NAME = AccentColor;
				CODE_SIGN_STYLE = Automatic;
				CURRENT_PROJECT_VERSION = 1;
				DEVELOPMENT_TEAM = H6P9FKH5P2;
				GENERATE_INFOPLIST_FILE = YES;
				INFOPLIST_FILE = Hi5/Info.plist;
				INFOPLIST_KEY_UIApplicationSupportsIndirectInputEvents = YES;
				INFOPLIST_KEY_UILaunchStoryboardName = LaunchScreen;
				INFOPLIST_KEY_UIMainStoryboardFile = Main;
				INFOPLIST_KEY_UISupportedInterfaceOrientations_iPad = "UIInterfaceOrientationPortrait UIInterfaceOrientationPortraitUpsideDown UIInterfaceOrientationLandscapeLeft UIInterfaceOrientationLandscapeRight";
				INFOPLIST_KEY_UISupportedInterfaceOrientations_iPhone = "UIInterfaceOrientationPortrait UIInterfaceOrientationLandscapeLeft UIInterfaceOrientationLandscapeRight";
				IPHONEOS_DEPLOYMENT_TARGET = 15.0;
				LD_RUNPATH_SEARCH_PATHS = (
					"$(inherited)",
					"@executable_path/Frameworks",
				);
				MARKETING_VERSION = 0.2.1;
				PRODUCT_BUNDLE_IDENTIFIER = com.seupenglab.hi5;
				PRODUCT_NAME = "$(TARGET_NAME)";
				SWIFT_EMIT_LOC_STRINGS = YES;
				SWIFT_VERSION = 5.0;
				TARGETED_DEVICE_FAMILY = 1;
			};
			name = Release;
		};
		43108E6D27C7314600F3287D /* Debug */ = {
			isa = XCBuildConfiguration;
			buildSettings = {
				ALWAYS_EMBED_SWIFT_STANDARD_LIBRARIES = YES;
				BUNDLE_LOADER = "$(TEST_HOST)";
				CODE_SIGN_STYLE = Automatic;
				CURRENT_PROJECT_VERSION = 1;
				DEVELOPMENT_TEAM = W3ZB9MVRQ3;
				GENERATE_INFOPLIST_FILE = YES;
				IPHONEOS_DEPLOYMENT_TARGET = 15.2;
				MARKETING_VERSION = 1.0;
				PRODUCT_BUNDLE_IDENTIFIER = com.penglab.Hi5Tests;
				PRODUCT_NAME = "$(TARGET_NAME)";
				SWIFT_EMIT_LOC_STRINGS = NO;
				SWIFT_VERSION = 5.0;
				TARGETED_DEVICE_FAMILY = "1,2";
				TEST_HOST = "$(BUILT_PRODUCTS_DIR)/Hi5.app/Hi5";
			};
			name = Debug;
		};
		43108E6E27C7314600F3287D /* Release */ = {
			isa = XCBuildConfiguration;
			buildSettings = {
				ALWAYS_EMBED_SWIFT_STANDARD_LIBRARIES = YES;
				BUNDLE_LOADER = "$(TEST_HOST)";
				CODE_SIGN_STYLE = Automatic;
				CURRENT_PROJECT_VERSION = 1;
				DEVELOPMENT_TEAM = W3ZB9MVRQ3;
				GENERATE_INFOPLIST_FILE = YES;
				IPHONEOS_DEPLOYMENT_TARGET = 15.2;
				MARKETING_VERSION = 1.0;
				PRODUCT_BUNDLE_IDENTIFIER = com.penglab.Hi5Tests;
				PRODUCT_NAME = "$(TARGET_NAME)";
				SWIFT_EMIT_LOC_STRINGS = NO;
				SWIFT_VERSION = 5.0;
				TARGETED_DEVICE_FAMILY = "1,2";
				TEST_HOST = "$(BUILT_PRODUCTS_DIR)/Hi5.app/Hi5";
			};
			name = Release;
		};
		43108E7027C7314600F3287D /* Debug */ = {
			isa = XCBuildConfiguration;
			buildSettings = {
				ALWAYS_EMBED_SWIFT_STANDARD_LIBRARIES = YES;
				CODE_SIGN_STYLE = Automatic;
				CURRENT_PROJECT_VERSION = 1;
				DEVELOPMENT_TEAM = W3ZB9MVRQ3;
				GENERATE_INFOPLIST_FILE = YES;
				MARKETING_VERSION = 1.0;
				PRODUCT_BUNDLE_IDENTIFIER = com.penglab.Hi5UITests;
				PRODUCT_NAME = "$(TARGET_NAME)";
				SWIFT_EMIT_LOC_STRINGS = NO;
				SWIFT_VERSION = 5.0;
				TARGETED_DEVICE_FAMILY = "1,2";
				TEST_TARGET_NAME = Hi5;
			};
			name = Debug;
		};
		43108E7127C7314600F3287D /* Release */ = {
			isa = XCBuildConfiguration;
			buildSettings = {
				ALWAYS_EMBED_SWIFT_STANDARD_LIBRARIES = YES;
				CODE_SIGN_STYLE = Automatic;
				CURRENT_PROJECT_VERSION = 1;
				DEVELOPMENT_TEAM = W3ZB9MVRQ3;
				GENERATE_INFOPLIST_FILE = YES;
				MARKETING_VERSION = 1.0;
				PRODUCT_BUNDLE_IDENTIFIER = com.penglab.Hi5UITests;
				PRODUCT_NAME = "$(TARGET_NAME)";
				SWIFT_EMIT_LOC_STRINGS = NO;
				SWIFT_VERSION = 5.0;
				TARGETED_DEVICE_FAMILY = "1,2";
				TEST_TARGET_NAME = Hi5;
			};
			name = Release;
		};
/* End XCBuildConfiguration section */

/* Begin XCConfigurationList section */
		43108E3A27C7314400F3287D /* Build configuration list for PBXProject "Hi5" */ = {
			isa = XCConfigurationList;
			buildConfigurations = (
				43108E6727C7314600F3287D /* Debug */,
				43108E6827C7314600F3287D /* Release */,
			);
			defaultConfigurationIsVisible = 0;
			defaultConfigurationName = Release;
		};
		43108E6927C7314600F3287D /* Build configuration list for PBXNativeTarget "Hi5" */ = {
			isa = XCConfigurationList;
			buildConfigurations = (
				43108E6A27C7314600F3287D /* Debug */,
				43108E6B27C7314600F3287D /* Release */,
			);
			defaultConfigurationIsVisible = 0;
			defaultConfigurationName = Release;
		};
		43108E6C27C7314600F3287D /* Build configuration list for PBXNativeTarget "Hi5Tests" */ = {
			isa = XCConfigurationList;
			buildConfigurations = (
				43108E6D27C7314600F3287D /* Debug */,
				43108E6E27C7314600F3287D /* Release */,
			);
			defaultConfigurationIsVisible = 0;
			defaultConfigurationName = Release;
		};
		43108E6F27C7314600F3287D /* Build configuration list for PBXNativeTarget "Hi5UITests" */ = {
			isa = XCConfigurationList;
			buildConfigurations = (
				43108E7027C7314600F3287D /* Debug */,
				43108E7127C7314600F3287D /* Release */,
			);
			defaultConfigurationIsVisible = 0;
			defaultConfigurationName = Release;
		};
/* End XCConfigurationList section */
	};
	rootObject = 43108E3727C7314400F3287D /* Project object */;
}
